
Microsoft Visual Studio Solution File, Format Version 12.00
# Visual Studio Version 17
VisualStudioVersion = 17.5.33414.496
MinimumVisualStudioVersion = 10.0.40219.1
Project("{FAE04EC0-301F-11D3-BF4B-00C04F79EFBC}") = "WinFormsApp1", "WinFormsApp1.csproj", "{B6EDA032-664C-4195-A155-089A2831F673}"
EndProject
Global
	GlobalSection(SolutionConfigurationPlatforms) = preSolution
		Debug|Any CPU = Debug|Any CPU
		Release|Any CPU = Release|Any CPU
	EndGlobalSection
	GlobalSection(ProjectConfigurationPlatforms) = postSolution
		{B6EDA032-664C-4195-A155-089A2831F673}.Debug|Any CPU.ActiveCfg = Debug|Any CPU
		{B6EDA032-664C-4195-A155-089A2831F673}.Debug|Any CPU.Build.0 = Debug|Any CPU
		{B6EDA032-664C-4195-A155-089A2831F673}.Release|Any CPU.ActiveCfg = Release|Any CPU
		{B6EDA032-664C-4195-A155-089A2831F673}.Release|Any CPU.Build.0 = Release|Any CPU
	EndGlobalSection
	GlobalSection(SolutionProperties) = preSolution
		HideSolutionNode = FALSE
	EndGlobalSection
	GlobalSection(ExtensibilityGlobals) = postSolution
		SolutionGuid = {37682CB6-5EF7-4E7B-85A5-96E2060D1209}
	EndGlobalSection
EndGlobal
